// !$*UTF8*$!
{
	archiveVersion = 1;
	classes = {
	};
	objectVersion = 50;
	objects = {

/* Begin PBXBuildFile section */
		07713D71BBC0303C4EB3BBD2 /* Pods_HerHeckGoogleMap.framework in Frameworks */ = {isa = PBXBuildFile; fileRef = 6C8776A227377A406A39CB57 /* Pods_HerHeckGoogleMap.framework */; };
		BB4468CA2393DCE200331F64 /* AppDelegate.swift in Sources */ = {isa = PBXBuildFile; fileRef = BB4468C92393DCE200331F64 /* AppDelegate.swift */; };
		BB4468CC2393DCE200331F64 /* ViewController.swift in Sources */ = {isa = PBXBuildFile; fileRef = BB4468CB2393DCE200331F64 /* ViewController.swift */; };
		BB4468CF2393DCE200331F64 /* Main.storyboard in Resources */ = {isa = PBXBuildFile; fileRef = BB4468CD2393DCE200331F64 /* Main.storyboard */; };
		BB4468D12393DCE300331F64 /* Assets.xcassets in Resources */ = {isa = PBXBuildFile; fileRef = BB4468D02393DCE300331F64 /* Assets.xcassets */; };
		BB4468D42393DCE300331F64 /* LaunchScreen.storyboard in Resources */ = {isa = PBXBuildFile; fileRef = BB4468D22393DCE300331F64 /* LaunchScreen.storyboard */; };
		BB4468DF2393DCE300331F64 /* HerHeckGoogleMapTests.swift in Sources */ = {isa = PBXBuildFile; fileRef = BB4468DE2393DCE300331F64 /* HerHeckGoogleMapTests.swift */; };
		C693767B8D0124758F922803 /* Pods_HerHeckGoogleMapTests.framework in Frameworks */ = {isa = PBXBuildFile; fileRef = 304FE30B0C2AAA01877012A0 /* Pods_HerHeckGoogleMapTests.framework */; };
/* End PBXBuildFile section */

/* Begin PBXContainerItemProxy section */
		BB4468DB2393DCE300331F64 /* PBXContainerItemProxy */ = {
			isa = PBXContainerItemProxy;
			containerPortal = BB4468BE2393DCE100331F64 /* Project object */;
			proxyType = 1;
			remoteGlobalIDString = BB4468C52393DCE100331F64;
			remoteInfo = HerHeckGoogleMap;
		};
/* End PBXContainerItemProxy section */

/* Begin PBXFileReference section */
		21C5767399622E5276DD245D /* Pods-HerHeckGoogleMap.debug.xcconfig */ = {isa = PBXFileReference; includeInIndex = 1; lastKnownFileType = text.xcconfig; name = "Pods-HerHeckGoogleMap.debug.xcconfig"; path = "Target Support Files/Pods-HerHeckGoogleMap/Pods-HerHeckGoogleMap.debug.xcconfig"; sourceTree = "<group>"; };
		304FE30B0C2AAA01877012A0 /* Pods_HerHeckGoogleMapTests.framework */ = {isa = PBXFileReference; explicitFileType = wrapper.framework; includeInIndex = 0; path = Pods_HerHeckGoogleMapTests.framework; sourceTree = BUILT_PRODUCTS_DIR; };
		6C8776A227377A406A39CB57 /* Pods_HerHeckGoogleMap.framework */ = {isa = PBXFileReference; explicitFileType = wrapper.framework; includeInIndex = 0; path = Pods_HerHeckGoogleMap.framework; sourceTree = BUILT_PRODUCTS_DIR; };
		BB4468C62393DCE200331F64 /* HerHeckGoogleMap.app */ = {isa = PBXFileReference; explicitFileType = wrapper.application; includeInIndex = 0; path = HerHeckGoogleMap.app; sourceTree = BUILT_PRODUCTS_DIR; };
		BB4468C92393DCE200331F64 /* AppDelegate.swift */ = {isa = PBXFileReference; lastKnownFileType = sourcecode.swift; path = AppDelegate.swift; sourceTree = "<group>"; };
		BB4468CB2393DCE200331F64 /* ViewController.swift */ = {isa = PBXFileReference; lastKnownFileType = sourcecode.swift; path = ViewController.swift; sourceTree = "<group>"; };
		BB4468CE2393DCE200331F64 /* Base */ = {isa = PBXFileReference; lastKnownFileType = file.storyboard; name = Base; path = Base.lproj/Main.storyboard; sourceTree = "<group>"; };
		BB4468D02393DCE300331F64 /* Assets.xcassets */ = {isa = PBXFileReference; lastKnownFileType = folder.assetcatalog; path = Assets.xcassets; sourceTree = "<group>"; };
		BB4468D32393DCE300331F64 /* Base */ = {isa = PBXFileReference; lastKnownFileType = file.storyboard; name = Base; path = Base.lproj/LaunchScreen.storyboard; sourceTree = "<group>"; };
		BB4468D52393DCE300331F64 /* Info.plist */ = {isa = PBXFileReference; lastKnownFileType = text.plist.xml; path = Info.plist; sourceTree = "<group>"; };
		BB4468DA2393DCE300331F64 /* HerHeckGoogleMapTests.xctest */ = {isa = PBXFileReference; explicitFileType = wrapper.cfbundle; includeInIndex = 0; path = HerHeckGoogleMapTests.xctest; sourceTree = BUILT_PRODUCTS_DIR; };
		BB4468DE2393DCE300331F64 /* HerHeckGoogleMapTests.swift */ = {isa = PBXFileReference; lastKnownFileType = sourcecode.swift; path = HerHeckGoogleMapTests.swift; sourceTree = "<group>"; };
		BB4468E02393DCE300331F64 /* Info.plist */ = {isa = PBXFileReference; lastKnownFileType = text.plist.xml; path = Info.plist; sourceTree = "<group>"; };
		D81FD2948C4686C1251B924E /* Pods-HerHeckGoogleMapTests.debug.xcconfig */ = {isa = PBXFileReference; includeInIndex = 1; lastKnownFileType = text.xcconfig; name = "Pods-HerHeckGoogleMapTests.debug.xcconfig"; path = "Target Support Files/Pods-HerHeckGoogleMapTests/Pods-HerHeckGoogleMapTests.debug.xcconfig"; sourceTree = "<group>"; };
		EA8078065E200024ACB61AEA /* Pods-HerHeckGoogleMap.release.xcconfig */ = {isa = PBXFileReference; includeInIndex = 1; lastKnownFileType = text.xcconfig; name = "Pods-HerHeckGoogleMap.release.xcconfig"; path = "Target Support Files/Pods-HerHeckGoogleMap/Pods-HerHeckGoogleMap.release.xcconfig"; sourceTree = "<group>"; };
		F098937AF25364742EB509B4 /* Pods-HerHeckGoogleMapTests.release.xcconfig */ = {isa = PBXFileReference; includeInIndex = 1; lastKnownFileType = text.xcconfig; name = "Pods-HerHeckGoogleMapTests.release.xcconfig"; path = "Target Support Files/Pods-HerHeckGoogleMapTests/Pods-HerHeckGoogleMapTests.release.xcconfig"; sourceTree = "<group>"; };
/* End PBXFileReference section */

/* Begin PBXFrameworksBuildPhase section */
		BB4468C32393DCE100331F64 /* Frameworks */ = {
			isa = PBXFrameworksBuildPhase;
			buildActionMask = 2147483647;
			files = (
				07713D71BBC0303C4EB3BBD2 /* Pods_HerHeckGoogleMap.framework in Frameworks */,
			);
			runOnlyForDeploymentPostprocessing = 0;
		};
		BB4468D72393DCE300331F64 /* Frameworks */ = {
			isa = PBXFrameworksBuildPhase;
			buildActionMask = 2147483647;
			files = (
				C693767B8D0124758F922803 /* Pods_HerHeckGoogleMapTests.framework in Frameworks */,
			);
			runOnlyForDeploymentPostprocessing = 0;
		};
/* End PBXFrameworksBuildPhase section */

/* Begin PBXGroup section */
		096CDE04B598D63864C67806 /* Pods */ = {
			isa = PBXGroup;
			children = (
				21C5767399622E5276DD245D /* Pods-HerHeckGoogleMap.debug.xcconfig */,
				EA8078065E200024ACB61AEA /* Pods-HerHeckGoogleMap.release.xcconfig */,
				D81FD2948C4686C1251B924E /* Pods-HerHeckGoogleMapTests.debug.xcconfig */,
				F098937AF25364742EB509B4 /* Pods-HerHeckGoogleMapTests.release.xcconfig */,
			);
			name = Pods;
			path = Pods;
			sourceTree = "<group>";
		};
		60A126E7E07F55BD0D022D08 /* Frameworks */ = {
			isa = PBXGroup;
			children = (
				6C8776A227377A406A39CB57 /* Pods_HerHeckGoogleMap.framework */,
				304FE30B0C2AAA01877012A0 /* Pods_HerHeckGoogleMapTests.framework */,
			);
			name = Frameworks;
			sourceTree = "<group>";
		};
		BB4468BD2393DCE100331F64 = {
			isa = PBXGroup;
			children = (
				BB4468C82393DCE200331F64 /* HerHeckGoogleMap */,
				BB4468DD2393DCE300331F64 /* HerHeckGoogleMapTests */,
				BB4468C72393DCE200331F64 /* Products */,
				096CDE04B598D63864C67806 /* Pods */,
				60A126E7E07F55BD0D022D08 /* Frameworks */,
			);
			sourceTree = "<group>";
		};
		BB4468C72393DCE200331F64 /* Products */ = {
			isa = PBXGroup;
			children = (
				BB4468C62393DCE200331F64 /* HerHeckGoogleMap.app */,
				BB4468DA2393DCE300331F64 /* HerHeckGoogleMapTests.xctest */,
			);
			name = Products;
			sourceTree = "<group>";
		};
		BB4468C82393DCE200331F64 /* HerHeckGoogleMap */ = {
			isa = PBXGroup;
			children = (
				BB4468C92393DCE200331F64 /* AppDelegate.swift */,
				BB4468CB2393DCE200331F64 /* ViewController.swift */,
				BB4468CD2393DCE200331F64 /* Main.storyboard */,
				BB4468D02393DCE300331F64 /* Assets.xcassets */,
				BB4468D22393DCE300331F64 /* LaunchScreen.storyboard */,
				BB4468D52393DCE300331F64 /* Info.plist */,
			);
			path = HerHeckGoogleMap;
			sourceTree = "<group>";
		};
		BB4468DD2393DCE300331F64 /* HerHeckGoogleMapTests */ = {
			isa = PBXGroup;
			children = (
				BB4468DE2393DCE300331F64 /* HerHeckGoogleMapTests.swift */,
				BB4468E02393DCE300331F64 /* Info.plist */,
			);
			path = HerHeckGoogleMapTests;
			sourceTree = "<group>";
		};
/* End PBXGroup section */

/* Begin PBXNativeTarget section */
		BB4468C52393DCE100331F64 /* HerHeckGoogleMap */ = {
			isa = PBXNativeTarget;
			buildConfigurationList = BB4468E32393DCE300331F64 /* Build configuration list for PBXNativeTarget "HerHeckGoogleMap" */;
			buildPhases = (
				A2C32E696A955B4B75380FA8 /* [CP] Check Pods Manifest.lock */,
				BB4468C22393DCE100331F64 /* Sources */,
				BB4468C32393DCE100331F64 /* Frameworks */,
				BB4468C42393DCE100331F64 /* Resources */,
				BF8A8E68B6FDE14BA9BBD318 /* [CP] Copy Pods Resources */,
			);
			buildRules = (
			);
			dependencies = (
			);
			name = HerHeckGoogleMap;
			productName = HerHeckGoogleMap;
			productReference = BB4468C62393DCE200331F64 /* HerHeckGoogleMap.app */;
			productType = "com.apple.product-type.application";
		};
		BB4468D92393DCE300331F64 /* HerHeckGoogleMapTests */ = {
			isa = PBXNativeTarget;
			buildConfigurationList = BB4468E62393DCE300331F64 /* Build configuration list for PBXNativeTarget "HerHeckGoogleMapTests" */;
			buildPhases = (
				6B3D4C88178680B17645603E /* [CP] Check Pods Manifest.lock */,
				BB4468D62393DCE300331F64 /* Sources */,
				BB4468D72393DCE300331F64 /* Frameworks */,
				BB4468D82393DCE300331F64 /* Resources */,
			);
			buildRules = (
			);
			dependencies = (
				BB4468DC2393DCE300331F64 /* PBXTargetDependency */,
			);
			name = HerHeckGoogleMapTests;
			productName = HerHeckGoogleMapTests;
			productReference = BB4468DA2393DCE300331F64 /* HerHeckGoogleMapTests.xctest */;
			productType = "com.apple.product-type.bundle.unit-test";
		};
/* End PBXNativeTarget section */

/* Begin PBXProject section */
		BB4468BE2393DCE100331F64 /* Project object */ = {
			isa = PBXProject;
			attributes = {
				LastSwiftUpdateCheck = 1020;
				LastUpgradeCheck = 1020;
				ORGANIZATIONNAME = pdni;
				TargetAttributes = {
					BB4468C52393DCE100331F64 = {
						CreatedOnToolsVersion = 10.2;
					};
					BB4468D92393DCE300331F64 = {
						CreatedOnToolsVersion = 10.2;
						TestTargetID = BB4468C52393DCE100331F64;
					};
				};
			};
			buildConfigurationList = BB4468C12393DCE100331F64 /* Build configuration list for PBXProject "HerHeckGoogleMap" */;
			compatibilityVersion = "Xcode 9.3";
			developmentRegion = en;
			hasScannedForEncodings = 0;
			knownRegions = (
				en,
				Base,
			);
			mainGroup = BB4468BD2393DCE100331F64;
			productRefGroup = BB4468C72393DCE200331F64 /* Products */;
			projectDirPath = "";
			projectRoot = "";
			targets = (
				BB4468C52393DCE100331F64 /* HerHeckGoogleMap */,
				BB4468D92393DCE300331F64 /* HerHeckGoogleMapTests */,
			);
		};
/* End PBXProject section */

/* Begin PBXResourcesBuildPhase section */
		BB4468C42393DCE100331F64 /* Resources */ = {
			isa = PBXResourcesBuildPhase;
			buildActionMask = 2147483647;
			files = (
				BB4468D42393DCE300331F64 /* LaunchScreen.storyboard in Resources */,
				BB4468D12393DCE300331F64 /* Assets.xcassets in Resources */,
				BB4468CF2393DCE200331F64 /* Main.storyboard in Resources */,
			);
			runOnlyForDeploymentPostprocessing = 0;
		};
		BB4468D82393DCE300331F64 /* Resources */ = {
			isa = PBXResourcesBuildPhase;
			buildActionMask = 2147483647;
			files = (
			);
			runOnlyForDeploymentPostprocessing = 0;
		};
/* End PBXResourcesBuildPhase section */

/* Begin PBXShellScriptBuildPhase section */
		6B3D4C88178680B17645603E /* [CP] Check Pods Manifest.lock */ = {
			isa = PBXShellScriptBuildPhase;
			buildActionMask = 2147483647;
			files = (
			);
			inputFileListPaths = (
			);
			inputPaths = (
				"${PODS_PODFILE_DIR_PATH}/Podfile.lock",
				"${PODS_ROOT}/Manifest.lock",
			);
			name = "[CP] Check Pods Manifest.lock";
			outputFileListPaths = (
			);
			outputPaths = (
				"$(DERIVED_FILE_DIR)/Pods-HerHeckGoogleMapTests-checkManifestLockResult.txt",
			);
			runOnlyForDeploymentPostprocessing = 0;
			shellPath = /bin/sh;
			shellScript = "diff \"${PODS_PODFILE_DIR_PATH}/Podfile.lock\" \"${PODS_ROOT}/Manifest.lock\" > /dev/null\nif [ $? != 0 ] ; then\n    # print error to STDERR\n    echo \"error: The sandbox is not in sync with the Podfile.lock. Run 'pod install' or update your CocoaPods installation.\" >&2\n    exit 1\nfi\n# This output is used by Xcode 'outputs' to avoid re-running this script phase.\necho \"SUCCESS\" > \"${SCRIPT_OUTPUT_FILE_0}\"\n";
			showEnvVarsInLog = 0;
		};
		A2C32E696A955B4B75380FA8 /* [CP] Check Pods Manifest.lock */ = {
			isa = PBXShellScriptBuildPhase;
			buildActionMask = 2147483647;
			files = (
			);
			inputFileListPaths = (
			);
			inputPaths = (
				"${PODS_PODFILE_DIR_PATH}/Podfile.lock",
				"${PODS_ROOT}/Manifest.lock",
			);
			name = "[CP] Check Pods Manifest.lock";
			outputFileListPaths = (
			);
			outputPaths = (
				"$(DERIVED_FILE_DIR)/Pods-HerHeckGoogleMap-checkManifestLockResult.txt",
			);
			runOnlyForDeploymentPostprocessing = 0;
			shellPath = /bin/sh;
			shellScript = "diff \"${PODS_PODFILE_DIR_PATH}/Podfile.lock\" \"${PODS_ROOT}/Manifest.lock\" > /dev/null\nif [ $? != 0 ] ; then\n    # print error to STDERR\n    echo \"error: The sandbox is not in sync with the Podfile.lock. Run 'pod install' or update your CocoaPods installation.\" >&2\n    exit 1\nfi\n# This output is used by Xcode 'outputs' to avoid re-running this script phase.\necho \"SUCCESS\" > \"${SCRIPT_OUTPUT_FILE_0}\"\n";
			showEnvVarsInLog = 0;
		};
		BF8A8E68B6FDE14BA9BBD318 /* [CP] Copy Pods Resources */ = {
			isa = PBXShellScriptBuildPhase;
			buildActionMask = 2147483647;
			files = (
			);
			inputFileListPaths = (
				"${PODS_ROOT}/Target Support Files/Pods-HerHeckGoogleMap/Pods-HerHeckGoogleMap-resources-${CONFIGURATION}-input-files.xcfilelist",
			);
			name = "[CP] Copy Pods Resources";
			outputFileListPaths = (
				"${PODS_ROOT}/Target Support Files/Pods-HerHeckGoogleMap/Pods-HerHeckGoogleMap-resources-${CONFIGURATION}-output-files.xcfilelist",
			);
			runOnlyForDeploymentPostprocessing = 0;
			shellPath = /bin/sh;
			shellScript = "\"${PODS_ROOT}/Target Support Files/Pods-HerHeckGoogleMap/Pods-HerHeckGoogleMap-resources.sh\"\n";
			showEnvVarsInLog = 0;
		};
/* End PBXShellScriptBuildPhase section */

/* Begin PBXSourcesBuildPhase section */
		BB4468C22393DCE100331F64 /* Sources */ = {
			isa = PBXSourcesBuildPhase;
			buildActionMask = 2147483647;
			files = (
				BB4468CC2393DCE200331F64 /* ViewController.swift in Sources */,
				BB4468CA2393DCE200331F64 /* AppDelegate.swift in Sources */,
			);
			runOnlyForDeploymentPostprocessing = 0;
		};
		BB4468D62393DCE300331F64 /* Sources */ = {
			isa = PBXSourcesBuildPhase;
			buildActionMask = 2147483647;
			files = (
				BB4468DF2393DCE300331F64 /* HerHeckGoogleMapTests.swift in Sources */,
			);
			runOnlyForDeploymentPostprocessing = 0;
		};
/* End PBXSourcesBuildPhase section */

/* Begin PBXTargetDependency section */
		BB4468DC2393DCE300331F64 /* PBXTargetDependency */ = {
			isa = PBXTargetDependency;
			target = BB4468C52393DCE100331F64 /* HerHeckGoogleMap */;
			targetProxy = BB4468DB2393DCE300331F64 /* PBXContainerItemProxy */;
		};
/* End PBXTargetDependency section */

/* Begin PBXVariantGroup section */
		BB4468CD2393DCE200331F64 /* Main.storyboard */ = {
			isa = PBXVariantGroup;
			children = (
				BB4468CE2393DCE200331F64 /* Base */,
			);
			name = Main.storyboard;
			sourceTree = "<group>";
		};
		BB4468D22393DCE300331F64 /* LaunchScreen.storyboard */ = {
			isa = PBXVariantGroup;
			children = (
				BB4468D32393DCE300331F64 /* Base */,
			);
			name = LaunchScreen.storyboard;
			sourceTree = "<group>";
		};
/* End PBXVariantGroup section */

/* Begin XCBuildConfiguration section */
		BB4468E12393DCE300331F64 /* Debug */ = {
			isa = XCBuildConfiguration;
			buildSettings = {
				ALWAYS_SEARCH_USER_PATHS = NO;
				CLANG_ANALYZER_NONNULL = YES;
				CLANG_ANALYZER_NUMBER_OBJECT_CONVERSION = YES_AGGRESSIVE;
				CLANG_CXX_LANGUAGE_STANDARD = "gnu++14";
				CLANG_CXX_LIBRARY = "libc++";
				CLANG_ENABLE_MODULES = YES;
				CLANG_ENABLE_OBJC_ARC = YES;
				CLANG_ENABLE_OBJC_WEAK = YES;
				CLANG_WARN_BLOCK_CAPTURE_AUTORELEASING = YES;
				CLANG_WARN_BOOL_CONVERSION = YES;
				CLANG_WARN_COMMA = YES;
				CLANG_WARN_CONSTANT_CONVERSION = YES;
				CLANG_WARN_DEPRECATED_OBJC_IMPLEMENTATIONS = YES;
				CLANG_WARN_DIRECT_OBJC_ISA_USAGE = YES_ERROR;
				CLANG_WARN_DOCUMENTATION_COMMENTS = YES;
				CLANG_WARN_EMPTY_BODY = YES;
				CLANG_WARN_ENUM_CONVERSION = YES;
				CLANG_WARN_INFINITE_RECURSION = YES;
				CLANG_WARN_INT_CONVERSION = YES;
				CLANG_WARN_NON_LITERAL_NULL_CONVERSION = YES;
				CLANG_WARN_OBJC_IMPLICIT_RETAIN_SELF = YES;
				CLANG_WARN_OBJC_LITERAL_CONVERSION = YES;
				CLANG_WARN_OBJC_ROOT_CLASS = YES_ERROR;
				CLANG_WARN_RANGE_LOOP_ANALYSIS = YES;
				CLANG_WARN_STRICT_PROTOTYPES = YES;
				CLANG_WARN_SUSPICIOUS_MOVE = YES;
				CLANG_WARN_UNGUARDED_AVAILABILITY = YES_AGGRESSIVE;
				CLANG_WARN_UNREACHABLE_CODE = YES;
				CLANG_WARN__DUPLICATE_METHOD_MATCH = YES;
				CODE_SIGN_IDENTITY = "iPhone Developer";
				COPY_PHASE_STRIP = NO;
				DEBUG_INFORMATION_FORMAT = dwarf;
				ENABLE_STRICT_OBJC_MSGSEND = YES;
				ENABLE_TESTABILITY = YES;
				GCC_C_LANGUAGE_STANDARD = gnu11;
				GCC_DYNAMIC_NO_PIC = NO;
				GCC_NO_COMMON_BLOCKS = YES;
				GCC_OPTIMIZATION_LEVEL = 0;
				GCC_PREPROCESSOR_DEFINITIONS = (
					"DEBUG=1",
					"$(inherited)",
				);
				GCC_WARN_64_TO_32_BIT_CONVERSION = YES;
				GCC_WARN_ABOUT_RETURN_TYPE = YES_ERROR;
				GCC_WARN_UNDECLARED_SELECTOR = YES;
				GCC_WARN_UNINITIALIZED_AUTOS = YES_AGGRESSIVE;
				GCC_WARN_UNUSED_FUNCTION = YES;
				GCC_WARN_UNUSED_VARIABLE = YES;
				IPHONEOS_DEPLOYMENT_TARGET = 12.2;
				MTL_ENABLE_DEBUG_INFO = INCLUDE_SOURCE;
				MTL_FAST_MATH = YES;
				ONLY_ACTIVE_ARCH = YES;
				SDKROOT = iphoneos;
				SWIFT_ACTIVE_COMPILATION_CONDITIONS = DEBUG;
				SWIFT_OPTIMIZATION_LEVEL = "-Onone";
			};
			name = Debug;
		};
		BB4468E22393DCE300331F64 /* Release */ = {
			isa = XCBuildConfiguration;
			buildSettings = {
				ALWAYS_SEARCH_USER_PATHS = NO;
				CLANG_ANALYZER_NONNULL = YES;
				CLANG_ANALYZER_NUMBER_OBJECT_CONVERSION = YES_AGGRESSIVE;
				CLANG_CXX_LANGUAGE_STANDARD = "gnu++14";
				CLANG_CXX_LIBRARY = "libc++";
				CLANG_ENABLE_MODULES = YES;
				CLANG_ENABLE_OBJC_ARC = YES;
				CLANG_ENABLE_OBJC_WEAK = YES;
				CLANG_WARN_BLOCK_CAPTURE_AUTORELEASING = YES;
				CLANG_WARN_BOOL_CONVERSION = YES;
				CLANG_WARN_COMMA = YES;
				CLANG_WARN_CONSTANT_CONVERSION = YES;
				CLANG_WARN_DEPRECATED_OBJC_IMPLEMENTATIONS = YES;
				CLANG_WARN_DIRECT_OBJC_ISA_USAGE = YES_ERROR;
				CLANG_WARN_DOCUMENTATION_COMMENTS = YES;
				CLANG_WARN_EMPTY_BODY = YES;
				CLANG_WARN_ENUM_CONVERSION = YES;
				CLANG_WARN_INFINITE_RECURSION = YES;
				CLANG_WARN_INT_CONVERSION = YES;
				CLANG_WARN_NON_LITERAL_NULL_CONVERSION = YES;
				CLANG_WARN_OBJC_IMPLICIT_RETAIN_SELF = YES;
				CLANG_WARN_OBJC_LITERAL_CONVERSION = YES;
				CLANG_WARN_OBJC_ROOT_CLASS = YES_ERROR;
				CLANG_WARN_RANGE_LOOP_ANALYSIS = YES;
				CLANG_WARN_STRICT_PROTOTYPES = YES;
				CLANG_WARN_SUSPICIOUS_MOVE = YES;
				CLANG_WARN_UNGUARDED_AVAILABILITY = YES_AGGRESSIVE;
				CLANG_WARN_UNREACHABLE_CODE = YES;
				CLANG_WARN__DUPLICATE_METHOD_MATCH = YES;
				CODE_SIGN_IDENTITY = "iPhone Developer";
				COPY_PHASE_STRIP = NO;
				DEBUG_INFORMATION_FORMAT = "dwarf-with-dsym";
				ENABLE_NS_ASSERTIONS = NO;
				ENABLE_STRICT_OBJC_MSGSEND = YES;
				GCC_C_LANGUAGE_STANDARD = gnu11;
				GCC_NO_COMMON_BLOCKS = YES;
				GCC_WARN_64_TO_32_BIT_CONVERSION = YES;
				GCC_WARN_ABOUT_RETURN_TYPE = YES_ERROR;
				GCC_WARN_UNDECLARED_SELECTOR = YES;
				GCC_WARN_UNINITIALIZED_AUTOS = YES_AGGRESSIVE;
				GCC_WARN_UNUSED_FUNCTION = YES;
				GCC_WARN_UNUSED_VARIABLE = YES;
				IPHONEOS_DEPLOYMENT_TARGET = 12.2;
				MTL_ENABLE_DEBUG_INFO = NO;
				MTL_FAST_MATH = YES;
				SDKROOT = iphoneos;
				SWIFT_COMPILATION_MODE = wholemodule;
				SWIFT_OPTIMIZATION_LEVEL = "-O";
				VALIDATE_PRODUCT = YES;
			};
			name = Release;
		};
		BB4468E42393DCE300331F64 /* Debug */ = {
			isa = XCBuildConfiguration;
			baseConfigurationReference = 21C5767399622E5276DD245D /* Pods-HerHeckGoogleMap.debug.xcconfig */;
			buildSettings = {
				ASSETCATALOG_COMPILER_APPICON_NAME = AppIcon;
				CODE_SIGN_STYLE = Automatic;
				INFOPLIST_FILE = HerHeckGoogleMap/Info.plist;
				LD_RUNPATH_SEARCH_PATHS = (
					"$(inherited)",
					"@executable_path/Frameworks",
				);
				PRODUCT_BUNDLE_IDENTIFIER = com.pdni.HerHeckGoogleMap;
				PRODUCT_NAME = "$(TARGET_NAME)";
				SWIFT_VERSION = 5.0;
				TARGETED_DEVICE_FAMILY = "1,2";
			};
			name = Debug;
		};
		BB4468E52393DCE300331F64 /* Release */ = {
			isa = XCBuildConfiguration;
			baseConfigurationReference = EA8078065E200024ACB61AEA /* Pods-HerHeckGoogleMap.release.xcconfig */;
			buildSettings = {
				ASSETCATALOG_COMPILER_APPICON_NAME = AppIcon;
				CODE_SIGN_STYLE = Automatic;
				INFOPLIST_FILE = HerHeckGoogleMap/Info.plist;
				LD_RUNPATH_SEARCH_PATHS = (
					"$(inherited)",
					"@executable_path/Frameworks",
				);
				PRODUCT_BUNDLE_IDENTIFIER = com.pdni.HerHeckGoogleMap;
				PRODUCT_NAME = "$(TARGET_NAME)";
				SWIFT_VERSION = 5.0;
				TARGETED_DEVICE_FAMILY = "1,2";
			};
			name = Release;
		};
		BB4468E72393DCE300331F64 /* Debug */ = {
			isa = XCBuildConfiguration;
			baseConfigurationReference = D81FD2948C4686C1251B924E /* Pods-HerHeckGoogleMapTests.debug.xcconfig */;
			buildSettings = {
				ALWAYS_EMBED_SWIFT_STANDARD_LIBRARIES = YES;
				BUNDLE_LOADER = "$(TEST_HOST)";
				CODE_SIGN_STYLE = Automatic;
				INFOPLIST_FILE = HerHeckGoogleMapTests/Info.plist;
				LD_RUNPATH_SEARCH_PATHS = (
					"$(inherited)",
					"@executable_path/Frameworks",
					"@loader_path/Frameworks",
				);
				PRODUCT_BUNDLE_IDENTIFIER = com.pdni.HerHeckGoogleMapTests;
				PRODUCT_NAME = "$(TARGET_NAME)";
				SWIFT_VERSION = 5.0;
				TARGETED_DEVICE_FAMILY = "1,2";
				TEST_HOST = "$(BUILT_PRODUCTS_DIR)/HerHeckGoogleMap.app/HerHeckGoogleMap";
			};
			name = Debug;
		};
		BB4468E82393DCE300331F64 /* Release */ = {
			isa = XCBuildConfiguration;
			baseConfigurationReference = F098937AF25364742EB509B4 /* Pods-HerHeckGoogleMapTests.release.xcconfig */;
			buildSettings = {
				ALWAYS_EMBED_SWIFT_STANDARD_LIBRARIES = YES;
				BUNDLE_LOADER = "$(TEST_HOST)";
				CODE_SIGN_STYLE = Automatic;
				INFOPLIST_FILE = HerHeckGoogleMapTests/Info.plist;
				LD_RUNPATH_SEARCH_PATHS = (
					"$(inherited)",
					"@executable_path/Frameworks",
					"@loader_path/Frameworks",
				);
				PRODUCT_BUNDLE_IDENTIFIER = com.pdni.HerHeckGoogleMapTests;
				PRODUCT_NAME = "$(TARGET_NAME)";
				SWIFT_VERSION = 5.0;
				TARGETED_DEVICE_FAMILY = "1,2";
				TEST_HOST = "$(BUILT_PRODUCTS_DIR)/HerHeckGoogleMap.app/HerHeckGoogleMap";
			};
			name = Release;
		};
/* End XCBuildConfiguration section */

/* Begin XCConfigurationList section */
		BB4468C12393DCE100331F64 /* Build configuration list for PBXProject "HerHeckGoogleMap" */ = {
			isa = XCConfigurationList;
			buildConfigurations = (
				BB4468E12393DCE300331F64 /* Debug */,
				BB4468E22393DCE300331F64 /* Release */,
			);
			defaultConfigurationIsVisible = 0;
			defaultConfigurationName = Release;
		};
		BB4468E32393DCE300331F64 /* Build configuration list for PBXNativeTarget "HerHeckGoogleMap" */ = {
			isa = XCConfigurationList;
			buildConfigurations = (
				BB4468E42393DCE300331F64 /* Debug */,
				BB4468E52393DCE300331F64 /* Release */,
			);
			defaultConfigurationIsVisible = 0;
			defaultConfigurationName = Release;
		};
		BB4468E62393DCE300331F64 /* Build configuration list for PBXNativeTarget "HerHeckGoogleMapTests" */ = {
			isa = XCConfigurationList;
			buildConfigurations = (
				BB4468E72393DCE300331F64 /* Debug */,
				BB4468E82393DCE300331F64 /* Release */,
			);
			defaultConfigurationIsVisible = 0;
			defaultConfigurationName = Release;
		};
/* End XCConfigurationList section */
	};
	rootObject = BB4468BE2393DCE100331F64 /* Project object */;
}
